// !$*UTF8*$!
{
	archiveVersion = 1;
	classes = {
	};
	objectVersion = 46;
	objects = {

/* Begin PBXBuildFile section */
		76F4F25C33C324E5600FACB8 /* libPods.a in Frameworks */ = {isa = PBXBuildFile; fileRef = E016C2D93CD9F9F39D81C2AA /* libPods.a */; };
		F80419501B14005E00C6C6B2 /* MapKit.framework in Frameworks */ = {isa = PBXBuildFile; fileRef = F8D988D81AF8241300CA8736 /* MapKit.framework */; };
		F85059EA1AE5D19200BAED40 /* main.m in Sources */ = {isa = PBXBuildFile; fileRef = F85059E91AE5D19200BAED40 /* main.m */; };
		F85059ED1AE5D19200BAED40 /* AppDelegate.m in Sources */ = {isa = PBXBuildFile; fileRef = F85059EC1AE5D19200BAED40 /* AppDelegate.m */; };
		F85059F01AE5D19200BAED40 /* DataTracker.xcdatamodeld in Sources */ = {isa = PBXBuildFile; fileRef = F85059EE1AE5D19200BAED40 /* DataTracker.xcdatamodeld */; };
		F85059F31AE5D19200BAED40 /* ViewController.m in Sources */ = {isa = PBXBuildFile; fileRef = F85059F21AE5D19200BAED40 /* ViewController.m */; };
		F85059F61AE5D19200BAED40 /* Main.storyboard in Resources */ = {isa = PBXBuildFile; fileRef = F85059F41AE5D19200BAED40 /* Main.storyboard */; };
		F85059F81AE5D19200BAED40 /* Images.xcassets in Resources */ = {isa = PBXBuildFile; fileRef = F85059F71AE5D19200BAED40 /* Images.xcassets */; };
		F85059FB1AE5D19200BAED40 /* LaunchScreen.xib in Resources */ = {isa = PBXBuildFile; fileRef = F85059F91AE5D19200BAED40 /* LaunchScreen.xib */; };
		F8505A071AE5D19300BAED40 /* DataTrackerTests.m in Sources */ = {isa = PBXBuildFile; fileRef = F8505A061AE5D19300BAED40 /* DataTrackerTests.m */; };
		F876AA691B075794003B959D /* screenshot1.png in Resources */ = {isa = PBXBuildFile; fileRef = F876AA681B075794003B959D /* screenshot1.png */; };
		F87A01301B2804B500049280 /* SwipeView.m in Sources */ = {isa = PBXBuildFile; fileRef = F87A012F1B2804B500049280 /* SwipeView.m */; };
		F87A01331B2809C600049280 /* SwipeViewController.m in Sources */ = {isa = PBXBuildFile; fileRef = F87A01321B2809C600049280 /* SwipeViewController.m */; };
		F8913D3E1AF2CABF0027AD9F /* FirstTableViewController.m in Sources */ = {isa = PBXBuildFile; fileRef = F8913D3D1AF2CABF0027AD9F /* FirstTableViewController.m */; };
		F8913D411AF2EFE50027AD9F /* PlanTableViewController.m in Sources */ = {isa = PBXBuildFile; fileRef = F8913D401AF2EFE50027AD9F /* PlanTableViewController.m */; };
		F8913D441AF2F65A0027AD9F /* DateViewController.m in Sources */ = {isa = PBXBuildFile; fileRef = F8913D431AF2F65A0027AD9F /* DateViewController.m */; };
		F8913D471AF2F7090027AD9F /* AmountViewController.m in Sources */ = {isa = PBXBuildFile; fileRef = F8913D461AF2F7090027AD9F /* AmountViewController.m */; };
		F8913D4A1AF302A80027AD9F /* UsageViewController.m in Sources */ = {isa = PBXBuildFile; fileRef = F8913D491AF302A80027AD9F /* UsageViewController.m */; };
		F892FC511B2C3B2900C38B4F /* PlanViewController.m in Sources */ = {isa = PBXBuildFile; fileRef = F892FC501B2C3B2900C38B4F /* PlanViewController.m */; };
		F8A7B0A51AFF306E00E41647 /* OpenSans-Bold.ttf in Resources */ = {isa = PBXBuildFile; fileRef = F8A7B09B1AFF306E00E41647 /* OpenSans-Bold.ttf */; };
		F8A7B0A61AFF306E00E41647 /* OpenSans-BoldItalic.ttf in Resources */ = {isa = PBXBuildFile; fileRef = F8A7B09C1AFF306E00E41647 /* OpenSans-BoldItalic.ttf */; };
		F8A7B0A71AFF306E00E41647 /* OpenSans-Italic.ttf in Resources */ = {isa = PBXBuildFile; fileRef = F8A7B09D1AFF306E00E41647 /* OpenSans-Italic.ttf */; };
		F8A7B0A81AFF306E00E41647 /* OpenSans-Light.ttf in Resources */ = {isa = PBXBuildFile; fileRef = F8A7B09E1AFF306E00E41647 /* OpenSans-Light.ttf */; };
		F8A7B0A91AFF306E00E41647 /* OpenSans-LightItalic.ttf in Resources */ = {isa = PBXBuildFile; fileRef = F8A7B09F1AFF306E00E41647 /* OpenSans-LightItalic.ttf */; };
		F8A7B0AA1AFF306E00E41647 /* OpenSans-Regular.ttf in Resources */ = {isa = PBXBuildFile; fileRef = F8A7B0A01AFF306E00E41647 /* OpenSans-Regular.ttf */; };
		F8A7B0AB1AFF306E00E41647 /* OpenSans-Semibold.ttf in Resources */ = {isa = PBXBuildFile; fileRef = F8A7B0A11AFF306E00E41647 /* OpenSans-Semibold.ttf */; };
		F8A7B0AC1AFF306E00E41647 /* OpenSans-SemiboldItalic.ttf in Resources */ = {isa = PBXBuildFile; fileRef = F8A7B0A21AFF306E00E41647 /* OpenSans-SemiboldItalic.ttf */; };
		F8A7B0AD1AFF306E00E41647 /* OpenSans-ExtraBold.ttf in Resources */ = {isa = PBXBuildFile; fileRef = F8A7B0A31AFF306E00E41647 /* OpenSans-ExtraBold.ttf */; };
		F8A7B0AE1AFF306E00E41647 /* OpenSans-ExtraBoldItalic.ttf in Resources */ = {isa = PBXBuildFile; fileRef = F8A7B0A41AFF306E00E41647 /* OpenSans-ExtraBoldItalic.ttf */; };
		F8A7B0B11AFF75F600E41647 /* Usage.m in Sources */ = {isa = PBXBuildFile; fileRef = F8A7B0B01AFF75F600E41647 /* Usage.m */; };
		F8AA03EA1B315631008C1642 /* HistoryViewController.m in Sources */ = {isa = PBXBuildFile; fileRef = F8AA03E91B315631008C1642 /* HistoryViewController.m */; };
		F8D988CF1AF74EEC00CA8736 /* ECPercentDrivenInteractiveTransition.m in Sources */ = {isa = PBXBuildFile; fileRef = F8D988C31AF74EEC00CA8736 /* ECPercentDrivenInteractiveTransition.m */; };
		F8D988D01AF74EEC00CA8736 /* ECSlidingAnimationController.m in Sources */ = {isa = PBXBuildFile; fileRef = F8D988C51AF74EEC00CA8736 /* ECSlidingAnimationController.m */; };
		F8D988D11AF74EEC00CA8736 /* ECSlidingInteractiveTransition.m in Sources */ = {isa = PBXBuildFile; fileRef = F8D988C81AF74EEC00CA8736 /* ECSlidingInteractiveTransition.m */; };
		F8D988D21AF74EEC00CA8736 /* ECSlidingSegue.m in Sources */ = {isa = PBXBuildFile; fileRef = F8D988CA1AF74EEC00CA8736 /* ECSlidingSegue.m */; };
		F8D988D31AF74EEC00CA8736 /* ECSlidingViewController.m in Sources */ = {isa = PBXBuildFile; fileRef = F8D988CC1AF74EEC00CA8736 /* ECSlidingViewController.m */; };
		F8D988D41AF74EEC00CA8736 /* UIViewController+ECSlidingViewController.m in Sources */ = {isa = PBXBuildFile; fileRef = F8D988CE1AF74EEC00CA8736 /* UIViewController+ECSlidingViewController.m */; };
		F8D988D71AF74F7A00CA8736 /* InitViewController.m in Sources */ = {isa = PBXBuildFile; fileRef = F8D988D61AF74F7A00CA8736 /* InitViewController.m */; };
		F8D988E21AF84C6900CA8736 /* MapViewController.m in Sources */ = {isa = PBXBuildFile; fileRef = F8D988E11AF84C6900CA8736 /* MapViewController.m */; };
		F8D988E81AFB3D4400CA8736 /* KAProgressLabel.m in Sources */ = {isa = PBXBuildFile; fileRef = F8D988E51AFB3D4400CA8736 /* KAProgressLabel.m */; };
		F8D988E91AFB3D4400CA8736 /* TPPropertyAnimation.m in Sources */ = {isa = PBXBuildFile; fileRef = F8D988E71AFB3D4400CA8736 /* TPPropertyAnimation.m */; };
/* End PBXBuildFile section */

/* Begin PBXContainerItemProxy section */
		F8505A011AE5D19300BAED40 /* PBXContainerItemProxy */ = {
			isa = PBXContainerItemProxy;
			containerPortal = F85059DC1AE5D19200BAED40 /* Project object */;
			proxyType = 1;
			remoteGlobalIDString = F85059E31AE5D19200BAED40;
			remoteInfo = DataTracker;
		};
/* End PBXContainerItemProxy section */

/* Begin PBXFileReference section */
		0BD5F50AAAA7781992033CBD /* Pods_DataTracker.framework */ = {isa = PBXFileReference; explicitFileType = wrapper.framework; includeInIndex = 0; path = Pods_DataTracker.framework; sourceTree = BUILT_PRODUCTS_DIR; };
		407793B09910D0516EB88C57 /* Pods.debug.xcconfig */ = {isa = PBXFileReference; includeInIndex = 1; lastKnownFileType = text.xcconfig; name = Pods.debug.xcconfig; path = "Pods/Target Support Files/Pods/Pods.debug.xcconfig"; sourceTree = "<group>"; };
		679B9B672DEF76953F58148F /* Pods-DataTracker.debug.xcconfig */ = {isa = PBXFileReference; includeInIndex = 1; lastKnownFileType = text.xcconfig; name = "Pods-DataTracker.debug.xcconfig"; path = "Pods/Target Support Files/Pods-DataTracker/Pods-DataTracker.debug.xcconfig"; sourceTree = "<group>"; };
		7ED6FCDEA017147A4B514163 /* Pods-DataTracker.release.xcconfig */ = {isa = PBXFileReference; includeInIndex = 1; lastKnownFileType = text.xcconfig; name = "Pods-DataTracker.release.xcconfig"; path = "Pods/Target Support Files/Pods-DataTracker/Pods-DataTracker.release.xcconfig"; sourceTree = "<group>"; };
		A6D121F3B53A6DA8D8DB6362 /* Pods.release.xcconfig */ = {isa = PBXFileReference; includeInIndex = 1; lastKnownFileType = text.xcconfig; name = Pods.release.xcconfig; path = "Pods/Target Support Files/Pods/Pods.release.xcconfig"; sourceTree = "<group>"; };
		E016C2D93CD9F9F39D81C2AA /* libPods.a */ = {isa = PBXFileReference; explicitFileType = archive.ar; includeInIndex = 0; path = libPods.a; sourceTree = BUILT_PRODUCTS_DIR; };
		F85059E41AE5D19200BAED40 /* DataTracker.app */ = {isa = PBXFileReference; explicitFileType = wrapper.application; includeInIndex = 0; path = DataTracker.app; sourceTree = BUILT_PRODUCTS_DIR; };
		F85059E81AE5D19200BAED40 /* Info.plist */ = {isa = PBXFileReference; lastKnownFileType = text.plist.xml; path = Info.plist; sourceTree = "<group>"; };
		F85059E91AE5D19200BAED40 /* main.m */ = {isa = PBXFileReference; lastKnownFileType = sourcecode.c.objc; path = main.m; sourceTree = "<group>"; };
		F85059EB1AE5D19200BAED40 /* AppDelegate.h */ = {isa = PBXFileReference; lastKnownFileType = sourcecode.c.h; path = AppDelegate.h; sourceTree = "<group>"; };
		F85059EC1AE5D19200BAED40 /* AppDelegate.m */ = {isa = PBXFileReference; lastKnownFileType = sourcecode.c.objc; path = AppDelegate.m; sourceTree = "<group>"; };
		F85059EF1AE5D19200BAED40 /* DataTracker.xcdatamodel */ = {isa = PBXFileReference; lastKnownFileType = wrapper.xcdatamodel; path = DataTracker.xcdatamodel; sourceTree = "<group>"; };
		F85059F11AE5D19200BAED40 /* ViewController.h */ = {isa = PBXFileReference; lastKnownFileType = sourcecode.c.h; path = ViewController.h; sourceTree = "<group>"; };
		F85059F21AE5D19200BAED40 /* ViewController.m */ = {isa = PBXFileReference; lastKnownFileType = sourcecode.c.objc; path = ViewController.m; sourceTree = "<group>"; };
		F85059F51AE5D19200BAED40 /* Base */ = {isa = PBXFileReference; lastKnownFileType = file.storyboard; name = Base; path = Base.lproj/Main.storyboard; sourceTree = "<group>"; };
		F85059F71AE5D19200BAED40 /* Images.xcassets */ = {isa = PBXFileReference; lastKnownFileType = folder.assetcatalog; path = Images.xcassets; sourceTree = "<group>"; };
		F85059FA1AE5D19200BAED40 /* Base */ = {isa = PBXFileReference; lastKnownFileType = file.xib; name = Base; path = Base.lproj/LaunchScreen.xib; sourceTree = "<group>"; };
		F8505A001AE5D19300BAED40 /* DataTrackerTests.xctest */ = {isa = PBXFileReference; explicitFileType = wrapper.cfbundle; includeInIndex = 0; path = DataTrackerTests.xctest; sourceTree = BUILT_PRODUCTS_DIR; };
		F8505A051AE5D19300BAED40 /* Info.plist */ = {isa = PBXFileReference; lastKnownFileType = text.plist.xml; path = Info.plist; sourceTree = "<group>"; };
		F8505A061AE5D19300BAED40 /* DataTrackerTests.m */ = {isa = PBXFileReference; lastKnownFileType = sourcecode.c.objc; path = DataTrackerTests.m; sourceTree = "<group>"; };
		F876AA681B075794003B959D /* screenshot1.png */ = {isa = PBXFileReference; lastKnownFileType = image.png; path = screenshot1.png; sourceTree = "<group>"; };
		F87A012E1B2804B500049280 /* SwipeView.h */ = {isa = PBXFileReference; fileEncoding = 4; lastKnownFileType = sourcecode.c.h; path = SwipeView.h; sourceTree = "<group>"; };
		F87A012F1B2804B500049280 /* SwipeView.m */ = {isa = PBXFileReference; fileEncoding = 4; lastKnownFileType = sourcecode.c.objc; path = SwipeView.m; sourceTree = "<group>"; };
		F87A01311B2809C600049280 /* SwipeViewController.h */ = {isa = PBXFileReference; fileEncoding = 4; lastKnownFileType = sourcecode.c.h; path = SwipeViewController.h; sourceTree = "<group>"; };
		F87A01321B2809C600049280 /* SwipeViewController.m */ = {isa = PBXFileReference; fileEncoding = 4; lastKnownFileType = sourcecode.c.objc; path = SwipeViewController.m; sourceTree = "<group>"; };
		F8913D3C1AF2CABF0027AD9F /* FirstTableViewController.h */ = {isa = PBXFileReference; fileEncoding = 4; lastKnownFileType = sourcecode.c.h; path = FirstTableViewController.h; sourceTree = "<group>"; };
		F8913D3D1AF2CABF0027AD9F /* FirstTableViewController.m */ = {isa = PBXFileReference; fileEncoding = 4; lastKnownFileType = sourcecode.c.objc; path = FirstTableViewController.m; sourceTree = "<group>"; };
		F8913D3F1AF2EFE50027AD9F /* PlanTableViewController.h */ = {isa = PBXFileReference; fileEncoding = 4; lastKnownFileType = sourcecode.c.h; path = PlanTableViewController.h; sourceTree = "<group>"; };
		F8913D401AF2EFE50027AD9F /* PlanTableViewController.m */ = {isa = PBXFileReference; fileEncoding = 4; lastKnownFileType = sourcecode.c.objc; path = PlanTableViewController.m; sourceTree = "<group>"; };
		F8913D421AF2F65A0027AD9F /* DateViewController.h */ = {isa = PBXFileReference; fileEncoding = 4; lastKnownFileType = sourcecode.c.h; path = DateViewController.h; sourceTree = "<group>"; };
		F8913D431AF2F65A0027AD9F /* DateViewController.m */ = {isa = PBXFileReference; fileEncoding = 4; lastKnownFileType = sourcecode.c.objc; path = DateViewController.m; sourceTree = "<group>"; };
		F8913D451AF2F7090027AD9F /* AmountViewController.h */ = {isa = PBXFileReference; fileEncoding = 4; lastKnownFileType = sourcecode.c.h; path = AmountViewController.h; sourceTree = "<group>"; };
		F8913D461AF2F7090027AD9F /* AmountViewController.m */ = {isa = PBXFileReference; fileEncoding = 4; lastKnownFileType = sourcecode.c.objc; path = AmountViewController.m; sourceTree = "<group>"; };
		F8913D481AF302A80027AD9F /* UsageViewController.h */ = {isa = PBXFileReference; fileEncoding = 4; lastKnownFileType = sourcecode.c.h; path = UsageViewController.h; sourceTree = "<group>"; };
		F8913D491AF302A80027AD9F /* UsageViewController.m */ = {isa = PBXFileReference; fileEncoding = 4; lastKnownFileType = sourcecode.c.objc; path = UsageViewController.m; sourceTree = "<group>"; };
		F892FC4F1B2C3B2900C38B4F /* PlanViewController.h */ = {isa = PBXFileReference; fileEncoding = 4; lastKnownFileType = sourcecode.c.h; path = PlanViewController.h; sourceTree = "<group>"; };
		F892FC501B2C3B2900C38B4F /* PlanViewController.m */ = {isa = PBXFileReference; fileEncoding = 4; lastKnownFileType = sourcecode.c.objc; path = PlanViewController.m; sourceTree = "<group>"; };
		F8A7B09B1AFF306E00E41647 /* OpenSans-Bold.ttf */ = {isa = PBXFileReference; lastKnownFileType = file; path = "OpenSans-Bold.ttf"; sourceTree = "<group>"; };
		F8A7B09C1AFF306E00E41647 /* OpenSans-BoldItalic.ttf */ = {isa = PBXFileReference; lastKnownFileType = file; path = "OpenSans-BoldItalic.ttf"; sourceTree = "<group>"; };
		F8A7B09D1AFF306E00E41647 /* OpenSans-Italic.ttf */ = {isa = PBXFileReference; lastKnownFileType = file; path = "OpenSans-Italic.ttf"; sourceTree = "<group>"; };
		F8A7B09E1AFF306E00E41647 /* OpenSans-Light.ttf */ = {isa = PBXFileReference; lastKnownFileType = file; path = "OpenSans-Light.ttf"; sourceTree = "<group>"; };
		F8A7B09F1AFF306E00E41647 /* OpenSans-LightItalic.ttf */ = {isa = PBXFileReference; lastKnownFileType = file; path = "OpenSans-LightItalic.ttf"; sourceTree = "<group>"; };
		F8A7B0A01AFF306E00E41647 /* OpenSans-Regular.ttf */ = {isa = PBXFileReference; lastKnownFileType = file; path = "OpenSans-Regular.ttf"; sourceTree = "<group>"; };
		F8A7B0A11AFF306E00E41647 /* OpenSans-Semibold.ttf */ = {isa = PBXFileReference; lastKnownFileType = file; path = "OpenSans-Semibold.ttf"; sourceTree = "<group>"; };
		F8A7B0A21AFF306E00E41647 /* OpenSans-SemiboldItalic.ttf */ = {isa = PBXFileReference; lastKnownFileType = file; path = "OpenSans-SemiboldItalic.ttf"; sourceTree = "<group>"; };
		F8A7B0A31AFF306E00E41647 /* OpenSans-ExtraBold.ttf */ = {isa = PBXFileReference; lastKnownFileType = file; path = "OpenSans-ExtraBold.ttf"; sourceTree = "<group>"; };
		F8A7B0A41AFF306E00E41647 /* OpenSans-ExtraBoldItalic.ttf */ = {isa = PBXFileReference; lastKnownFileType = file; path = "OpenSans-ExtraBoldItalic.ttf"; sourceTree = "<group>"; };
		F8A7B0AF1AFF75F600E41647 /* Usage.h */ = {isa = PBXFileReference; fileEncoding = 4; lastKnownFileType = sourcecode.c.h; path = Usage.h; sourceTree = "<group>"; };
		F8A7B0B01AFF75F600E41647 /* Usage.m */ = {isa = PBXFileReference; fileEncoding = 4; lastKnownFileType = sourcecode.c.objc; path = Usage.m; sourceTree = "<group>"; };
		F8AA03E81B315631008C1642 /* HistoryViewController.h */ = {isa = PBXFileReference; fileEncoding = 4; lastKnownFileType = sourcecode.c.h; path = HistoryViewController.h; sourceTree = "<group>"; };
		F8AA03E91B315631008C1642 /* HistoryViewController.m */ = {isa = PBXFileReference; fileEncoding = 4; lastKnownFileType = sourcecode.c.objc; path = HistoryViewController.m; sourceTree = "<group>"; };
		F8D988C21AF74EEC00CA8736 /* ECPercentDrivenInteractiveTransition.h */ = {isa = PBXFileReference; fileEncoding = 4; lastKnownFileType = sourcecode.c.h; path = ECPercentDrivenInteractiveTransition.h; sourceTree = "<group>"; };
		F8D988C31AF74EEC00CA8736 /* ECPercentDrivenInteractiveTransition.m */ = {isa = PBXFileReference; fileEncoding = 4; lastKnownFileType = sourcecode.c.objc; path = ECPercentDrivenInteractiveTransition.m; sourceTree = "<group>"; };
		F8D988C41AF74EEC00CA8736 /* ECSlidingAnimationController.h */ = {isa = PBXFileReference; fileEncoding = 4; lastKnownFileType = sourcecode.c.h; path = ECSlidingAnimationController.h; sourceTree = "<group>"; };
		F8D988C51AF74EEC00CA8736 /* ECSlidingAnimationController.m */ = {isa = PBXFileReference; fileEncoding = 4; lastKnownFileType = sourcecode.c.objc; path = ECSlidingAnimationController.m; sourceTree = "<group>"; };
		F8D988C61AF74EEC00CA8736 /* ECSlidingConstants.h */ = {isa = PBXFileReference; fileEncoding = 4; lastKnownFileType = sourcecode.c.h; path = ECSlidingConstants.h; sourceTree = "<group>"; };
		F8D988C71AF74EEC00CA8736 /* ECSlidingInteractiveTransition.h */ = {isa = PBXFileReference; fileEncoding = 4; lastKnownFileType = sourcecode.c.h; path = ECSlidingInteractiveTransition.h; sourceTree = "<group>"; };
		F8D988C81AF74EEC00CA8736 /* ECSlidingInteractiveTransition.m */ = {isa = PBXFileReference; fileEncoding = 4; lastKnownFileType = sourcecode.c.objc; path = ECSlidingInteractiveTransition.m; sourceTree = "<group>"; };
		F8D988C91AF74EEC00CA8736 /* ECSlidingSegue.h */ = {isa = PBXFileReference; fileEncoding = 4; lastKnownFileType = sourcecode.c.h; path = ECSlidingSegue.h; sourceTree = "<group>"; };
		F8D988CA1AF74EEC00CA8736 /* ECSlidingSegue.m */ = {isa = PBXFileReference; fileEncoding = 4; lastKnownFileType = sourcecode.c.objc; path = ECSlidingSegue.m; sourceTree = "<group>"; };
		F8D988CB1AF74EEC00CA8736 /* ECSlidingViewController.h */ = {isa = PBXFileReference; fileEncoding = 4; lastKnownFileType = sourcecode.c.h; path = ECSlidingViewController.h; sourceTree = "<group>"; };
		F8D988CC1AF74EEC00CA8736 /* ECSlidingViewController.m */ = {isa = PBXFileReference; fileEncoding = 4; lastKnownFileType = sourcecode.c.objc; path = ECSlidingViewController.m; sourceTree = "<group>"; };
		F8D988CD1AF74EEC00CA8736 /* UIViewController+ECSlidingViewController.h */ = {isa = PBXFileReference; fileEncoding = 4; lastKnownFileType = sourcecode.c.h; path = "UIViewController+ECSlidingViewController.h"; sourceTree = "<group>"; };
		F8D988CE1AF74EEC00CA8736 /* UIViewController+ECSlidingViewController.m */ = {isa = PBXFileReference; fileEncoding = 4; lastKnownFileType = sourcecode.c.objc; path = "UIViewController+ECSlidingViewController.m"; sourceTree = "<group>"; };
		F8D988D51AF74F7A00CA8736 /* InitViewController.h */ = {isa = PBXFileReference; fileEncoding = 4; lastKnownFileType = sourcecode.c.h; path = InitViewController.h; sourceTree = "<group>"; };
		F8D988D61AF74F7A00CA8736 /* InitViewController.m */ = {isa = PBXFileReference; fileEncoding = 4; lastKnownFileType = sourcecode.c.objc; path = InitViewController.m; sourceTree = "<group>"; };
		F8D988D81AF8241300CA8736 /* MapKit.framework */ = {isa = PBXFileReference; lastKnownFileType = wrapper.framework; name = MapKit.framework; path = System/Library/Frameworks/MapKit.framework; sourceTree = SDKROOT; };
		F8D988E01AF84C6900CA8736 /* MapViewController.h */ = {isa = PBXFileReference; fileEncoding = 4; lastKnownFileType = sourcecode.c.h; path = MapViewController.h; sourceTree = "<group>"; };
		F8D988E11AF84C6900CA8736 /* MapViewController.m */ = {isa = PBXFileReference; fileEncoding = 4; lastKnownFileType = sourcecode.c.objc; path = MapViewController.m; sourceTree = "<group>"; };
		F8D988E41AFB3D4400CA8736 /* KAProgressLabel.h */ = {isa = PBXFileReference; fileEncoding = 4; lastKnownFileType = sourcecode.c.h; path = KAProgressLabel.h; sourceTree = "<group>"; };
		F8D988E51AFB3D4400CA8736 /* KAProgressLabel.m */ = {isa = PBXFileReference; fileEncoding = 4; lastKnownFileType = sourcecode.c.objc; path = KAProgressLabel.m; sourceTree = "<group>"; };
		F8D988E61AFB3D4400CA8736 /* TPPropertyAnimation.h */ = {isa = PBXFileReference; fileEncoding = 4; lastKnownFileType = sourcecode.c.h; path = TPPropertyAnimation.h; sourceTree = "<group>"; };
		F8D988E71AFB3D4400CA8736 /* TPPropertyAnimation.m */ = {isa = PBXFileReference; fileEncoding = 4; lastKnownFileType = sourcecode.c.objc; path = TPPropertyAnimation.m; sourceTree = "<group>"; };
/* End PBXFileReference section */

/* Begin PBXFrameworksBuildPhase section */
		F85059E11AE5D19200BAED40 /* Frameworks */ = {
			isa = PBXFrameworksBuildPhase;
			buildActionMask = 2147483647;
			files = (
				F80419501B14005E00C6C6B2 /* MapKit.framework in Frameworks */,
				76F4F25C33C324E5600FACB8 /* libPods.a in Frameworks */,
			);
			runOnlyForDeploymentPostprocessing = 0;
		};
		F85059FD1AE5D19300BAED40 /* Frameworks */ = {
			isa = PBXFrameworksBuildPhase;
			buildActionMask = 2147483647;
			files = (
			);
			runOnlyForDeploymentPostprocessing = 0;
		};
/* End PBXFrameworksBuildPhase section */

/* Begin PBXGroup section */
		28D02BC1425817C8493DDC47 /* Frameworks */ = {
			isa = PBXGroup;
			children = (
				0BD5F50AAAA7781992033CBD /* Pods_DataTracker.framework */,
				E016C2D93CD9F9F39D81C2AA /* libPods.a */,
			);
			name = Frameworks;
			sourceTree = "<group>";
		};
		48CB072433EF053F23DC4496 /* Pods */ = {
			isa = PBXGroup;
			children = (
				679B9B672DEF76953F58148F /* Pods-DataTracker.debug.xcconfig */,
				7ED6FCDEA017147A4B514163 /* Pods-DataTracker.release.xcconfig */,
				407793B09910D0516EB88C57 /* Pods.debug.xcconfig */,
				A6D121F3B53A6DA8D8DB6362 /* Pods.release.xcconfig */,
			);
			name = Pods;
			sourceTree = "<group>";
		};
		F85059DB1AE5D19100BAED40 = {
			isa = PBXGroup;
			children = (
				F8D988D81AF8241300CA8736 /* MapKit.framework */,
				F85059E61AE5D19200BAED40 /* DataTracker */,
				F8505A031AE5D19300BAED40 /* DataTrackerTests */,
				F85059E51AE5D19200BAED40 /* Products */,
				48CB072433EF053F23DC4496 /* Pods */,
				28D02BC1425817C8493DDC47 /* Frameworks */,
			);
			sourceTree = "<group>";
		};
		F85059E51AE5D19200BAED40 /* Products */ = {
			isa = PBXGroup;
			children = (
				F85059E41AE5D19200BAED40 /* DataTracker.app */,
				F8505A001AE5D19300BAED40 /* DataTrackerTests.xctest */,
			);
			name = Products;
			sourceTree = "<group>";
		};
		F85059E61AE5D19200BAED40 /* DataTracker */ = {
			isa = PBXGroup;
			children = (
				F876AA671B07564A003B959D /* Screenshots */,
				F8A7B09A1AFF302900E41647 /* Fonts */,
				F87A012D1B2804B500049280 /* SwipeView */,
				F8D988E31AFB3D4400CA8736 /* KAProgressLabel */,
				F8D988C11AF74EEC00CA8736 /* ECSlidingViewController */,
				F85059EB1AE5D19200BAED40 /* AppDelegate.h */,
				F85059EC1AE5D19200BAED40 /* AppDelegate.m */,
				F85059F11AE5D19200BAED40 /* ViewController.h */,
				F85059F21AE5D19200BAED40 /* ViewController.m */,
				F8D988D51AF74F7A00CA8736 /* InitViewController.h */,
				F8D988D61AF74F7A00CA8736 /* InitViewController.m */,
				F8913D3C1AF2CABF0027AD9F /* FirstTableViewController.h */,
				F8913D3D1AF2CABF0027AD9F /* FirstTableViewController.m */,
				F892FC4F1B2C3B2900C38B4F /* PlanViewController.h */,
				F892FC501B2C3B2900C38B4F /* PlanViewController.m */,
				F8913D3F1AF2EFE50027AD9F /* PlanTableViewController.h */,
				F8913D401AF2EFE50027AD9F /* PlanTableViewController.m */,
				F8913D421AF2F65A0027AD9F /* DateViewController.h */,
				F8913D431AF2F65A0027AD9F /* DateViewController.m */,
				F8913D451AF2F7090027AD9F /* AmountViewController.h */,
				F8913D461AF2F7090027AD9F /* AmountViewController.m */,
				F8913D481AF302A80027AD9F /* UsageViewController.h */,
				F8913D491AF302A80027AD9F /* UsageViewController.m */,
				F8D988E01AF84C6900CA8736 /* MapViewController.h */,
				F8D988E11AF84C6900CA8736 /* MapViewController.m */,
				F87A01311B2809C600049280 /* SwipeViewController.h */,
				F87A01321B2809C600049280 /* SwipeViewController.m */,
				F8AA03E81B315631008C1642 /* HistoryViewController.h */,
				F8AA03E91B315631008C1642 /* HistoryViewController.m */,
				F8A7B0AF1AFF75F600E41647 /* Usage.h */,
				F8A7B0B01AFF75F600E41647 /* Usage.m */,
				F85059F41AE5D19200BAED40 /* Main.storyboard */,
				F85059F71AE5D19200BAED40 /* Images.xcassets */,
				F85059F91AE5D19200BAED40 /* LaunchScreen.xib */,
				F85059EE1AE5D19200BAED40 /* DataTracker.xcdatamodeld */,
				F85059E71AE5D19200BAED40 /* Supporting Files */,
			);
			path = DataTracker;
			sourceTree = "<group>";
		};
		F85059E71AE5D19200BAED40 /* Supporting Files */ = {
			isa = PBXGroup;
			children = (
				F85059E81AE5D19200BAED40 /* Info.plist */,
				F85059E91AE5D19200BAED40 /* main.m */,
			);
			name = "Supporting Files";
			sourceTree = "<group>";
		};
		F8505A031AE5D19300BAED40 /* DataTrackerTests */ = {
			isa = PBXGroup;
			children = (
				F8505A061AE5D19300BAED40 /* DataTrackerTests.m */,
				F8505A041AE5D19300BAED40 /* Supporting Files */,
			);
			path = DataTrackerTests;
			sourceTree = "<group>";
		};
		F8505A041AE5D19300BAED40 /* Supporting Files */ = {
			isa = PBXGroup;
			children = (
				F8505A051AE5D19300BAED40 /* Info.plist */,
			);
			name = "Supporting Files";
			sourceTree = "<group>";
		};
		F876AA671B07564A003B959D /* Screenshots */ = {
			isa = PBXGroup;
			children = (
				F876AA681B075794003B959D /* screenshot1.png */,
			);
			name = Screenshots;
			sourceTree = "<group>";
		};
		F87A012D1B2804B500049280 /* SwipeView */ = {
			isa = PBXGroup;
			children = (
				F87A012E1B2804B500049280 /* SwipeView.h */,
				F87A012F1B2804B500049280 /* SwipeView.m */,
			);
			name = SwipeView;
			path = "../../../Downloads/SwipeView-master/SwipeView";
			sourceTree = "<group>";
		};
		F8A7B09A1AFF302900E41647 /* Fonts */ = {
			isa = PBXGroup;
			children = (
				F8A7B09B1AFF306E00E41647 /* OpenSans-Bold.ttf */,
				F8A7B09C1AFF306E00E41647 /* OpenSans-BoldItalic.ttf */,
				F8A7B09D1AFF306E00E41647 /* OpenSans-Italic.ttf */,
				F8A7B09E1AFF306E00E41647 /* OpenSans-Light.ttf */,
				F8A7B09F1AFF306E00E41647 /* OpenSans-LightItalic.ttf */,
				F8A7B0A01AFF306E00E41647 /* OpenSans-Regular.ttf */,
				F8A7B0A11AFF306E00E41647 /* OpenSans-Semibold.ttf */,
				F8A7B0A21AFF306E00E41647 /* OpenSans-SemiboldItalic.ttf */,
				F8A7B0A31AFF306E00E41647 /* OpenSans-ExtraBold.ttf */,
				F8A7B0A41AFF306E00E41647 /* OpenSans-ExtraBoldItalic.ttf */,
			);
			name = Fonts;
			sourceTree = "<group>";
		};
		F8D988C11AF74EEC00CA8736 /* ECSlidingViewController */ = {
			isa = PBXGroup;
			children = (
				F8D988C21AF74EEC00CA8736 /* ECPercentDrivenInteractiveTransition.h */,
				F8D988C31AF74EEC00CA8736 /* ECPercentDrivenInteractiveTransition.m */,
				F8D988C41AF74EEC00CA8736 /* ECSlidingAnimationController.h */,
				F8D988C51AF74EEC00CA8736 /* ECSlidingAnimationController.m */,
				F8D988C61AF74EEC00CA8736 /* ECSlidingConstants.h */,
				F8D988C71AF74EEC00CA8736 /* ECSlidingInteractiveTransition.h */,
				F8D988C81AF74EEC00CA8736 /* ECSlidingInteractiveTransition.m */,
				F8D988C91AF74EEC00CA8736 /* ECSlidingSegue.h */,
				F8D988CA1AF74EEC00CA8736 /* ECSlidingSegue.m */,
				F8D988CB1AF74EEC00CA8736 /* ECSlidingViewController.h */,
				F8D988CC1AF74EEC00CA8736 /* ECSlidingViewController.m */,
				F8D988CD1AF74EEC00CA8736 /* UIViewController+ECSlidingViewController.h */,
				F8D988CE1AF74EEC00CA8736 /* UIViewController+ECSlidingViewController.m */,
			);
			path = ECSlidingViewController;
			sourceTree = "<group>";
		};
		F8D988E31AFB3D4400CA8736 /* KAProgressLabel */ = {
			isa = PBXGroup;
			children = (
				F8D988E41AFB3D4400CA8736 /* KAProgressLabel.h */,
				F8D988E51AFB3D4400CA8736 /* KAProgressLabel.m */,
				F8D988E61AFB3D4400CA8736 /* TPPropertyAnimation.h */,
				F8D988E71AFB3D4400CA8736 /* TPPropertyAnimation.m */,
			);
			path = KAProgressLabel;
			sourceTree = "<group>";
		};
/* End PBXGroup section */

/* Begin PBXNativeTarget section */
		F85059E31AE5D19200BAED40 /* DataTracker */ = {
			isa = PBXNativeTarget;
			buildConfigurationList = F8505A0A1AE5D19300BAED40 /* Build configuration list for PBXNativeTarget "DataTracker" */;
			buildPhases = (
				20B51E4443D8748AFBFDC6D7 /* Check Pods Manifest.lock */,
				F85059E01AE5D19200BAED40 /* Sources */,
				F85059E11AE5D19200BAED40 /* Frameworks */,
				F85059E21AE5D19200BAED40 /* Resources */,
				8ACD6795E30C76B8323362BC /* Copy Pods Resources */,
			);
			buildRules = (
			);
			dependencies = (
			);
			name = DataTracker;
			productName = DataTracker;
			productReference = F85059E41AE5D19200BAED40 /* DataTracker.app */;
			productType = "com.apple.product-type.application";
		};
		F85059FF1AE5D19300BAED40 /* DataTrackerTests */ = {
			isa = PBXNativeTarget;
			buildConfigurationList = F8505A0D1AE5D19300BAED40 /* Build configuration list for PBXNativeTarget "DataTrackerTests" */;
			buildPhases = (
				F85059FC1AE5D19300BAED40 /* Sources */,
				F85059FD1AE5D19300BAED40 /* Frameworks */,
				F85059FE1AE5D19300BAED40 /* Resources */,
			);
			buildRules = (
			);
			dependencies = (
				F8505A021AE5D19300BAED40 /* PBXTargetDependency */,
			);
			name = DataTrackerTests;
			productName = DataTrackerTests;
			productReference = F8505A001AE5D19300BAED40 /* DataTrackerTests.xctest */;
			productType = "com.apple.product-type.bundle.unit-test";
		};
/* End PBXNativeTarget section */

/* Begin PBXProject section */
		F85059DC1AE5D19200BAED40 /* Project object */ = {
			isa = PBXProject;
			attributes = {
				LastUpgradeCheck = 0630;
				ORGANIZATIONNAME = "Kittiphong Xayasane";
				TargetAttributes = {
					F85059E31AE5D19200BAED40 = {
						CreatedOnToolsVersion = 6.3;
					};
					F85059FF1AE5D19300BAED40 = {
						CreatedOnToolsVersion = 6.3;
						TestTargetID = F85059E31AE5D19200BAED40;
					};
				};
			};
			buildConfigurationList = F85059DF1AE5D19200BAED40 /* Build configuration list for PBXProject "DataTracker" */;
			compatibilityVersion = "Xcode 3.2";
			developmentRegion = English;
			hasScannedForEncodings = 0;
			knownRegions = (
				en,
				Base,
			);
			mainGroup = F85059DB1AE5D19100BAED40;
			productRefGroup = F85059E51AE5D19200BAED40 /* Products */;
			projectDirPath = "";
			projectRoot = "";
			targets = (
				F85059E31AE5D19200BAED40 /* DataTracker */,
				F85059FF1AE5D19300BAED40 /* DataTrackerTests */,
			);
		};
/* End PBXProject section */

/* Begin PBXResourcesBuildPhase section */
		F85059E21AE5D19200BAED40 /* Resources */ = {
			isa = PBXResourcesBuildPhase;
			buildActionMask = 2147483647;
			files = (
				F85059F61AE5D19200BAED40 /* Main.storyboard in Resources */,
				F85059FB1AE5D19200BAED40 /* LaunchScreen.xib in Resources */,
				F8A7B0A81AFF306E00E41647 /* OpenSans-Light.ttf in Resources */,
				F876AA691B075794003B959D /* screenshot1.png in Resources */,
				F8A7B0A51AFF306E00E41647 /* OpenSans-Bold.ttf in Resources */,
				F8A7B0AB1AFF306E00E41647 /* OpenSans-Semibold.ttf in Resources */,
				F8A7B0A71AFF306E00E41647 /* OpenSans-Italic.ttf in Resources */,
				F85059F81AE5D19200BAED40 /* Images.xcassets in Resources */,
				F8A7B0A91AFF306E00E41647 /* OpenSans-LightItalic.ttf in Resources */,
				F8A7B0AA1AFF306E00E41647 /* OpenSans-Regular.ttf in Resources */,
				F8A7B0AE1AFF306E00E41647 /* OpenSans-ExtraBoldItalic.ttf in Resources */,
				F8A7B0A61AFF306E00E41647 /* OpenSans-BoldItalic.ttf in Resources */,
				F8A7B0AC1AFF306E00E41647 /* OpenSans-SemiboldItalic.ttf in Resources */,
				F8A7B0AD1AFF306E00E41647 /* OpenSans-ExtraBold.ttf in Resources */,
			);
			runOnlyForDeploymentPostprocessing = 0;
		};
		F85059FE1AE5D19300BAED40 /* Resources */ = {
			isa = PBXResourcesBuildPhase;
			buildActionMask = 2147483647;
			files = (
			);
			runOnlyForDeploymentPostprocessing = 0;
		};
/* End PBXResourcesBuildPhase section */

/* Begin PBXShellScriptBuildPhase section */
		20B51E4443D8748AFBFDC6D7 /* Check Pods Manifest.lock */ = {
			isa = PBXShellScriptBuildPhase;
			buildActionMask = 2147483647;
			files = (
			);
			inputPaths = (
			);
			name = "Check Pods Manifest.lock";
			outputPaths = (
			);
			runOnlyForDeploymentPostprocessing = 0;
			shellPath = /bin/sh;
			shellScript = "diff \"${PODS_ROOT}/../Podfile.lock\" \"${PODS_ROOT}/Manifest.lock\" > /dev/null\nif [[ $? != 0 ]] ; then\n    cat << EOM\nerror: The sandbox is not in sync with the Podfile.lock. Run 'pod install' or update your CocoaPods installation.\nEOM\n    exit 1\nfi\n";
			showEnvVarsInLog = 0;
		};
		8ACD6795E30C76B8323362BC /* Copy Pods Resources */ = {
			isa = PBXShellScriptBuildPhase;
			buildActionMask = 2147483647;
			files = (
			);
			inputPaths = (
			);
			name = "Copy Pods Resources";
			outputPaths = (
			);
			runOnlyForDeploymentPostprocessing = 0;
			shellPath = /bin/sh;
			shellScript = "\"${SRCROOT}/Pods/Target Support Files/Pods/Pods-resources.sh\"\n";
			showEnvVarsInLog = 0;
		};
/* End PBXShellScriptBuildPhase section */

/* Begin PBXSourcesBuildPhase section */
		F85059E01AE5D19200BAED40 /* Sources */ = {
			isa = PBXSourcesBuildPhase;
			buildActionMask = 2147483647;
			files = (
				F8D988D01AF74EEC00CA8736 /* ECSlidingAnimationController.m in Sources */,
				F85059ED1AE5D19200BAED40 /* AppDelegate.m in Sources */,
				F8D988D71AF74F7A00CA8736 /* InitViewController.m in Sources */,
				F85059F01AE5D19200BAED40 /* DataTracker.xcdatamodeld in Sources */,
				F892FC511B2C3B2900C38B4F /* PlanViewController.m in Sources */,
				F8913D3E1AF2CABF0027AD9F /* FirstTableViewController.m in Sources */,
				F8D988CF1AF74EEC00CA8736 /* ECPercentDrivenInteractiveTransition.m in Sources */,
				F8913D4A1AF302A80027AD9F /* UsageViewController.m in Sources */,
				F85059F31AE5D19200BAED40 /* ViewController.m in Sources */,
				F8D988D41AF74EEC00CA8736 /* UIViewController+ECSlidingViewController.m in Sources */,
				F87A01331B2809C600049280 /* SwipeViewController.m in Sources */,
				F8AA03EA1B315631008C1642 /* HistoryViewController.m in Sources */,
				F87A01301B2804B500049280 /* SwipeView.m in Sources */,
				F8913D471AF2F7090027AD9F /* AmountViewController.m in Sources */,
				F8D988D11AF74EEC00CA8736 /* ECSlidingInteractiveTransition.m in Sources */,
				F8D988E81AFB3D4400CA8736 /* KAProgressLabel.m in Sources */,
				F8D988D31AF74EEC00CA8736 /* ECSlidingViewController.m in Sources */,
				F8D988E91AFB3D4400CA8736 /* TPPropertyAnimation.m in Sources */,
				F8913D411AF2EFE50027AD9F /* PlanTableViewController.m in Sources */,
				F85059EA1AE5D19200BAED40 /* main.m in Sources */,
				F8913D441AF2F65A0027AD9F /* DateViewController.m in Sources */,
				F8D988E21AF84C6900CA8736 /* MapViewController.m in Sources */,
				F8D988D21AF74EEC00CA8736 /* ECSlidingSegue.m in Sources */,
				F8A7B0B11AFF75F600E41647 /* Usage.m in Sources */,
			);
			runOnlyForDeploymentPostprocessing = 0;
		};
		F85059FC1AE5D19300BAED40 /* Sources */ = {
			isa = PBXSourcesBuildPhase;
			buildActionMask = 2147483647;
			files = (
				F8505A071AE5D19300BAED40 /* DataTrackerTests.m in Sources */,
			);
			runOnlyForDeploymentPostprocessing = 0;
		};
/* End PBXSourcesBuildPhase section */

/* Begin PBXTargetDependency section */
		F8505A021AE5D19300BAED40 /* PBXTargetDependency */ = {
			isa = PBXTargetDependency;
			target = F85059E31AE5D19200BAED40 /* DataTracker */;
			targetProxy = F8505A011AE5D19300BAED40 /* PBXContainerItemProxy */;
		};
/* End PBXTargetDependency section */

/* Begin PBXVariantGroup section */
		F85059F41AE5D19200BAED40 /* Main.storyboard */ = {
			isa = PBXVariantGroup;
			children = (
				F85059F51AE5D19200BAED40 /* Base */,
			);
			name = Main.storyboard;
			sourceTree = "<group>";
		};
		F85059F91AE5D19200BAED40 /* LaunchScreen.xib */ = {
			isa = PBXVariantGroup;
			children = (
				F85059FA1AE5D19200BAED40 /* Base */,
			);
			name = LaunchScreen.xib;
			sourceTree = "<group>";
		};
/* End PBXVariantGroup section */

/* Begin XCBuildConfiguration section */
		F8505A081AE5D19300BAED40 /* Debug */ = {
			isa = XCBuildConfiguration;
			baseConfigurationReference = 407793B09910D0516EB88C57 /* Pods.debug.xcconfig */;
			buildSettings = {
				ALWAYS_SEARCH_USER_PATHS = NO;
				CLANG_CXX_LANGUAGE_STANDARD = "gnu++0x";
				CLANG_CXX_LIBRARY = "libc++";
				CLANG_ENABLE_MODULES = YES;
				CLANG_ENABLE_OBJC_ARC = YES;
				CLANG_WARN_BOOL_CONVERSION = YES;
				CLANG_WARN_CONSTANT_CONVERSION = YES;
				CLANG_WARN_DIRECT_OBJC_ISA_USAGE = YES_ERROR;
				CLANG_WARN_EMPTY_BODY = YES;
				CLANG_WARN_ENUM_CONVERSION = YES;
				CLANG_WARN_INT_CONVERSION = YES;
				CLANG_WARN_OBJC_ROOT_CLASS = YES_ERROR;
				CLANG_WARN_UNREACHABLE_CODE = YES;
				CLANG_WARN__DUPLICATE_METHOD_MATCH = YES;
				"CODE_SIGN_IDENTITY[sdk=iphoneos*]" = "iPhone Developer";
				COPY_PHASE_STRIP = NO;
				DEBUG_INFORMATION_FORMAT = "dwarf-with-dsym";
				ENABLE_STRICT_OBJC_MSGSEND = YES;
				GCC_C_LANGUAGE_STANDARD = gnu99;
				GCC_DYNAMIC_NO_PIC = NO;
				GCC_NO_COMMON_BLOCKS = YES;
				GCC_OPTIMIZATION_LEVEL = 0;
				GCC_PREPROCESSOR_DEFINITIONS = (
					"DEBUG=1",
					"$(inherited)",
				);
				GCC_SYMBOLS_PRIVATE_EXTERN = NO;
				GCC_WARN_64_TO_32_BIT_CONVERSION = YES;
				GCC_WARN_ABOUT_RETURN_TYPE = YES_ERROR;
				GCC_WARN_UNDECLARED_SELECTOR = YES;
				GCC_WARN_UNINITIALIZED_AUTOS = YES_AGGRESSIVE;
				GCC_WARN_UNUSED_FUNCTION = YES;
				GCC_WARN_UNUSED_VARIABLE = YES;
				IPHONEOS_DEPLOYMENT_TARGET = 8.3;
				MTL_ENABLE_DEBUG_INFO = YES;
				ONLY_ACTIVE_ARCH = YES;
				SDKROOT = iphoneos;
				TARGETED_DEVICE_FAMILY = "1,2";
			};
			name = Debug;
		};
		F8505A091AE5D19300BAED40 /* Release */ = {
			isa = XCBuildConfiguration;
			baseConfigurationReference = A6D121F3B53A6DA8D8DB6362 /* Pods.release.xcconfig */;
			buildSettings = {
				ALWAYS_SEARCH_USER_PATHS = NO;
				CLANG_CXX_LANGUAGE_STANDARD = "gnu++0x";
				CLANG_CXX_LIBRARY = "libc++";
				CLANG_ENABLE_MODULES = YES;
				CLANG_ENABLE_OBJC_ARC = YES;
				CLANG_WARN_BOOL_CONVERSION = YES;
				CLANG_WARN_CONSTANT_CONVERSION = YES;
				CLANG_WARN_DIRECT_OBJC_ISA_USAGE = YES_ERROR;
				CLANG_WARN_EMPTY_BODY = YES;
				CLANG_WARN_ENUM_CONVERSION = YES;
				CLANG_WARN_INT_CONVERSION = YES;
				CLANG_WARN_OBJC_ROOT_CLASS = YES_ERROR;
				CLANG_WARN_UNREACHABLE_CODE = YES;
				CLANG_WARN__DUPLICATE_METHOD_MATCH = YES;
				"CODE_SIGN_IDENTITY[sdk=iphoneos*]" = "iPhone Developer";
				COPY_PHASE_STRIP = NO;
				DEBUG_INFORMATION_FORMAT = "dwarf-with-dsym";
				ENABLE_NS_ASSERTIONS = NO;
				ENABLE_STRICT_OBJC_MSGSEND = YES;
				GCC_C_LANGUAGE_STANDARD = gnu99;
				GCC_NO_COMMON_BLOCKS = YES;
				GCC_WARN_64_TO_32_BIT_CONVERSION = YES;
				GCC_WARN_ABOUT_RETURN_TYPE = YES_ERROR;
				GCC_WARN_UNDECLARED_SELECTOR = YES;
				GCC_WARN_UNINITIALIZED_AUTOS = YES_AGGRESSIVE;
				GCC_WARN_UNUSED_FUNCTION = YES;
				GCC_WARN_UNUSED_VARIABLE = YES;
				IPHONEOS_DEPLOYMENT_TARGET = 8.3;
				MTL_ENABLE_DEBUG_INFO = NO;
				SDKROOT = iphoneos;
				TARGETED_DEVICE_FAMILY = "1,2";
				VALIDATE_PRODUCT = YES;
			};
			name = Release;
		};
		F8505A0B1AE5D19300BAED40 /* Debug */ = {
			isa = XCBuildConfiguration;
			baseConfigurationReference = 407793B09910D0516EB88C57 /* Pods.debug.xcconfig */;
			buildSettings = {
				ASSETCATALOG_COMPILER_APPICON_NAME = AppIcon;
				INFOPLIST_FILE = DataTracker/Info.plist;
				LD_RUNPATH_SEARCH_PATHS = "$(inherited) @executable_path/Frameworks";
				PRODUCT_NAME = "$(TARGET_NAME)";
			};
			name = Debug;
		};
		F8505A0C1AE5D19300BAED40 /* Release */ = {
			isa = XCBuildConfiguration;
			baseConfigurationReference = A6D121F3B53A6DA8D8DB6362 /* Pods.release.xcconfig */;
			buildSettings = {
				ASSETCATALOG_COMPILER_APPICON_NAME = AppIcon;
				INFOPLIST_FILE = DataTracker/Info.plist;
				LD_RUNPATH_SEARCH_PATHS = "$(inherited) @executable_path/Frameworks";
				PRODUCT_NAME = "$(TARGET_NAME)";
			};
			name = Release;
		};
		F8505A0E1AE5D19300BAED40 /* Debug */ = {
			isa = XCBuildConfiguration;
			baseConfigurationReference = 407793B09910D0516EB88C57 /* Pods.debug.xcconfig */;
			buildSettings = {
				BUNDLE_LOADER = "$(TEST_HOST)";
				FRAMEWORK_SEARCH_PATHS = (
					"$(SDKROOT)/Developer/Library/Frameworks",
					"$(inherited)",
				);
				GCC_PREPROCESSOR_DEFINITIONS = (
					"DEBUG=1",
					"$(inherited)",
				);
				INFOPLIST_FILE = DataTrackerTests/Info.plist;
				LD_RUNPATH_SEARCH_PATHS = "$(inherited) @executable_path/Frameworks @loader_path/Frameworks";
				PRODUCT_NAME = "$(TARGET_NAME)";
				TEST_HOST = "$(BUILT_PRODUCTS_DIR)/DataTracker.app/DataTracker";
			};
			name = Debug;
		};
		F8505A0F1AE5D19300BAED40 /* Release */ = {
			isa = XCBuildConfiguration;
			baseConfigurationReference = A6D121F3B53A6DA8D8DB6362 /* Pods.release.xcconfig */;
			buildSettings = {
				BUNDLE_LOADER = "$(TEST_HOST)";
				FRAMEWORK_SEARCH_PATHS = (
					"$(SDKROOT)/Developer/Library/Frameworks",
					"$(inherited)",
				);
				INFOPLIST_FILE = DataTrackerTests/Info.plist;
				LD_RUNPATH_SEARCH_PATHS = "$(inherited) @executable_path/Frameworks @loader_path/Frameworks";
				PRODUCT_NAME = "$(TARGET_NAME)";
				TEST_HOST = "$(BUILT_PRODUCTS_DIR)/DataTracker.app/DataTracker";
			};
			name = Release;
		};
/* End XCBuildConfiguration section */

/* Begin XCConfigurationList section */
		F85059DF1AE5D19200BAED40 /* Build configuration list for PBXProject "DataTracker" */ = {
			isa = XCConfigurationList;
			buildConfigurations = (
				F8505A081AE5D19300BAED40 /* Debug */,
				F8505A091AE5D19300BAED40 /* Release */,
			);
			defaultConfigurationIsVisible = 0;
			defaultConfigurationName = Release;
		};
		F8505A0A1AE5D19300BAED40 /* Build configuration list for PBXNativeTarget "DataTracker" */ = {
			isa = XCConfigurationList;
			buildConfigurations = (
				F8505A0B1AE5D19300BAED40 /* Debug */,
				F8505A0C1AE5D19300BAED40 /* Release */,
			);
			defaultConfigurationIsVisible = 0;
			defaultConfigurationName = Release;
		};
		F8505A0D1AE5D19300BAED40 /* Build configuration list for PBXNativeTarget "DataTrackerTests" */ = {
			isa = XCConfigurationList;
			buildConfigurations = (
				F8505A0E1AE5D19300BAED40 /* Debug */,
				F8505A0F1AE5D19300BAED40 /* Release */,
			);
			defaultConfigurationIsVisible = 0;
			defaultConfigurationName = Release;
		};
/* End XCConfigurationList section */

/* Begin XCVersionGroup section */
		F85059EE1AE5D19200BAED40 /* DataTracker.xcdatamodeld */ = {
			isa = XCVersionGroup;
			children = (
				F85059EF1AE5D19200BAED40 /* DataTracker.xcdatamodel */,
			);
			currentVersion = F85059EF1AE5D19200BAED40 /* DataTracker.xcdatamodel */;
			path = DataTracker.xcdatamodeld;
			sourceTree = "<group>";
			versionGroupType = wrapper.xcdatamodel;
		};
/* End XCVersionGroup section */
	};
	rootObject = F85059DC1AE5D19200BAED40 /* Project object */;
}
